<?xml version="1.0" encoding="utf-8"?>
<Project ToolsVersion="4.0" xmlns="http://schemas.microsoft.com/developer/msbuild/2003">
  <ItemGroup>
    <Filter Include="Source Files">
      <UniqueIdentifier>{4FC737F1-C7A5-4376-A066-2A32D752A2FF}</UniqueIdentifier>
      <Extensions>cpp;c;cc;cxx;c++;cppm;ixx;def;odl;idl;hpj;bat;asm;asmx</Extensions>
    </Filter>
    <Filter Include="Header Files">
      <UniqueIdentifier>{93995380-89BD-4b04-88EB-625FBE52EBFB}</UniqueIdentifier>
      <Extensions>h;hh;hpp;hxx;h++;hm;inl;inc;ipp;xsd</Extensions>
    </Filter>
    <Filter Include="Resource Files">
      <UniqueIdentifier>{67DA6AB6-F800-4c08-8B7A-83BB121AAD01}</UniqueIdentifier>
      <Extensions>rc;ico;cur;bmp;dlg;rc2;rct;bin;rgs;gif;jpg;jpeg;jpe;resx;tiff;tif;png;wav;mfcribbon-ms</Extensions>
    </Filter>
    <Filter Include="Header Files\Objects">
      <UniqueIdentifier>{6899a815-139e-4617-bfe8-78190b4e0d36}</UniqueIdentifier>
    </Filter>
    <Filter Include="Header Files\Objects\Player">
      <UniqueIdentifier>{d5409c32-0870-4817-8bb2-2eb2f286b155}</UniqueIdentifier>
    </Filter>
    <Filter Include="Header Files\Misc">
      <UniqueIdentifier>{98f82b9a-5be6-4ee8-8f22-9dfc11859bcc}</UniqueIdentifier>
    </Filter>
    <Filter Include="Source Files\Misc">
      <UniqueIdentifier>{197842ec-487a-4105-922f-506504ac47d1}</UniqueIdentifier>
    </Filter>
    <Filter Include="Source Files\Objects">
      <UniqueIdentifier>{85bc47d8-9f3c-4074-a0fa-aec1d696219d}</UniqueIdentifier>
    </Filter>
    <Filter Include="Source Files\Objects\Player">
      <UniqueIdentifier>{25599223-1bb8-4f19-b662-f81f8bd27ff3}</UniqueIdentifier>
    </Filter>
  </ItemGroup>
  <ItemGroup>
    <ClCompile Include="Chess.cpp">
      <Filter>Source Files</Filter>
    </ClCompile>
    <ClCompile Include="Name.cpp">
      <Filter>Source Files\Objects\Player</Filter>
    </ClCompile>
    <ClCompile Include="Score.cpp">
      <Filter>Source Files\Objects\Player</Filter>
    </ClCompile>
    <ClCompile Include="Player.cpp">
      <Filter>Source Files\Objects\Player</Filter>
    </ClCompile>
    <ClCompile Include="DomainException.cpp">
      <Filter>Source Files\Misc</Filter>
    </ClCompile>
    <ClCompile Include="Guard.cpp">
      <Filter>Source Files\Misc</Filter>
    </ClCompile>
    <ClCompile Include="Functions.cpp">
      <Filter>Source Files\Misc</Filter>
    </ClCompile>
  </ItemGroup>
  <ItemGroup>
    <ClInclude Include="Name.hpp">
      <Filter>Header Files\Objects\Player</Filter>
    </ClInclude>
    <ClInclude Include="DomainException.hpp">
      <Filter>Header Files\Misc</Filter>
    </ClInclude>
    <ClInclude Include="Score.hpp">
      <Filter>Header Files\Objects\Player</Filter>
    </ClInclude>
    <ClInclude Include="Player.hpp">
      <Filter>Header Files\Objects\Player</Filter>
    </ClInclude>
    <ClInclude Include="Guard.hpp">
      <Filter>Header Files\Misc</Filter>
    </ClInclude>
    <ClInclude Include="Functions.hpp">
      <Filter>Header Files\Misc</Filter>
    </ClInclude>
  </ItemGroup>
</Project>